
Microsoft Visual Studio Solution File, Format Version 12.00
# Visual Studio Version 16
VisualStudioVersion = 16.0.30225.117
MinimumVisualStudioVersion = 10.0.40219.1
Project("{FAE04EC0-301F-11D3-BF4B-00C04F79EFBC}") = "HotelManagement", "HotelManagement\HotelManagement.csproj", "{8E698056-A852-4868-BE3F-E3E040F295CB}"
EndProject
Project("{FAE04EC0-301F-11D3-BF4B-00C04F79EFBC}") = "HotelManagement.Entities", "HotelManagement.Entities\HotelManagement.Entities.csproj", "{0BFA0D83-4E88-4874-A6B0-79A7FF61D690}"
EndProject
Project("{FAE04EC0-301F-11D3-BF4B-00C04F79EFBC}") = "HotelManagement.Data", "HotelManagement.Data\HotelManagement.Data.csproj", "{AB44C5A6-B7C5-4A92-BB2D-6752EB8BB4B7}"
EndProject
Project("{FAE04EC0-301F-11D3-BF4B-00C04F79EFBC}") = "HotelManagement.Services", "HotelManagement.Services\HotelManagement.Services.csproj", "{00E19E4A-6E08-4A04-8843-2B2954DDF30F}"
EndProject
Global
	GlobalSection(SolutionConfigurationPlatforms) = preSolution
		Debug|Any CPU = Debug|Any CPU
		Release|Any CPU = Release|Any CPU
	EndGlobalSection
	GlobalSection(ProjectConfigurationPlatforms) = postSolution
		{8E698056-A852-4868-BE3F-E3E040F295CB}.Debug|Any CPU.ActiveCfg = Debug|Any CPU
		{8E698056-A852-4868-BE3F-E3E040F295CB}.Debug|Any CPU.Build.0 = Debug|Any CPU
		{8E698056-A852-4868-BE3F-E3E040F295CB}.Release|Any CPU.ActiveCfg = Release|Any CPU
		{8E698056-A852-4868-BE3F-E3E040F295CB}.Release|Any CPU.Build.0 = Release|Any CPU
		{0BFA0D83-4E88-4874-A6B0-79A7FF61D690}.Debug|Any CPU.ActiveCfg = Debug|Any CPU
		{0BFA0D83-4E88-4874-A6B0-79A7FF61D690}.Debug|Any CPU.Build.0 = Debug|Any CPU
		{0BFA0D83-4E88-4874-A6B0-79A7FF61D690}.Release|Any CPU.ActiveCfg = Release|Any CPU
		{0BFA0D83-4E88-4874-A6B0-79A7FF61D690}.Release|Any CPU.Build.0 = Release|Any CPU
		{AB44C5A6-B7C5-4A92-BB2D-6752EB8BB4B7}.Debug|Any CPU.ActiveCfg = Debug|Any CPU
		{AB44C5A6-B7C5-4A92-BB2D-6752EB8BB4B7}.Debug|Any CPU.Build.0 = Debug|Any CPU
		{AB44C5A6-B7C5-4A92-BB2D-6752EB8BB4B7}.Release|Any CPU.ActiveCfg = Release|Any CPU
		{AB44C5A6-B7C5-4A92-BB2D-6752EB8BB4B7}.Release|Any CPU.Build.0 = Release|Any CPU
		{00E19E4A-6E08-4A04-8843-2B2954DDF30F}.Debug|Any CPU.ActiveCfg = Debug|Any CPU
		{00E19E4A-6E08-4A04-8843-2B2954DDF30F}.Debug|Any CPU.Build.0 = Debug|Any CPU
		{00E19E4A-6E08-4A04-8843-2B2954DDF30F}.Release|Any CPU.ActiveCfg = Release|Any CPU
		{00E19E4A-6E08-4A04-8843-2B2954DDF30F}.Release|Any CPU.Build.0 = Release|Any CPU
	EndGlobalSection
	GlobalSection(SolutionProperties) = preSolution
		HideSolutionNode = FALSE
	EndGlobalSection
	GlobalSection(ExtensibilityGlobals) = postSolution
		SolutionGuid = {412C05EA-FA64-4D24-A24C-17D72E1C1E68}
	EndGlobalSection
EndGlobal
